<?xml version="1.0" encoding="utf-8"?>
<Project ToolsVersion="4.0" xmlns="http://schemas.microsoft.com/developer/msbuild/2003">
  <ItemGroup>
    <Filter Include="Source Files">
      <UniqueIdentifier>{4FC737F1-C7A5-4376-A066-2A32D752A2FF}</UniqueIdentifier>
      <Extensions>cpp;c;cc;cxx;def;odl;idl;hpj;bat;asm;asmx</Extensions>
    </Filter>
    <Filter Include="Header Files">
      <UniqueIdentifier>{93995380-89BD-4b04-88EB-625FBE52EBFB}</UniqueIdentifier>
      <Extensions>h;hh;hpp;hxx;hm;inl;inc;xsd</Extensions>
    </Filter>
    <Filter Include="Resource Files">
      <UniqueIdentifier>{67DA6AB6-F800-4c08-8B7A-83BB121AAD01}</UniqueIdentifier>
      <Extensions>rc;ico;cur;bmp;dlg;rc2;rct;bin;rgs;gif;jpg;jpeg;jpe;resx;tiff;tif;png;wav;mfcribbon-ms</Extensions>
    </Filter>
    <Filter Include="Header Files\Map">
      <UniqueIdentifier>{eb1e4bc6-23e4-4829-ae93-d8da3bace415}</UniqueIdentifier>
    </Filter>
    <Filter Include="Header Files\Pathfinding">
      <UniqueIdentifier>{dbae2556-0d8b-46eb-918a-49179f20529d}</UniqueIdentifier>
    </Filter>
    <Filter Include="Source Files\Map">
      <UniqueIdentifier>{36bb82c2-6712-401e-a9a8-379d2144343b}</UniqueIdentifier>
    </Filter>
    <Filter Include="Source Files\Pathfinding">
      <UniqueIdentifier>{dec2f36d-8782-4c90-a620-3da2f6c51821}</UniqueIdentifier>
    </Filter>
    <Filter Include="Source Files\Info">
      <UniqueIdentifier>{9e7e9511-fe37-4f7a-8387-161a58498639}</UniqueIdentifier>
    </Filter>
    <Filter Include="Header Files\Info">
      <UniqueIdentifier>{1fed09f4-384d-4a04-9a5c-459d16877b17}</UniqueIdentifier>
    </Filter>
    <Filter Include="Source Files\States">
      <UniqueIdentifier>{4a23d857-b11c-496f-a1d1-f4d055e98b2f}</UniqueIdentifier>
    </Filter>
    <Filter Include="Header Files\States">
      <UniqueIdentifier>{8d93e754-ec28-41cf-b8db-b8c18d6e1cfc}</UniqueIdentifier>
    </Filter>
    <Filter Include="Source Files\pugixml">
      <UniqueIdentifier>{49fa9453-4d7a-42b0-ae6b-474aaf0010ed}</UniqueIdentifier>
    </Filter>
    <Filter Include="Header Files\pugixml">
      <UniqueIdentifier>{f25e2492-339c-4780-b71f-ce9c02ab91f7}</UniqueIdentifier>
    </Filter>
    <Filter Include="Resource Files\XML">
      <UniqueIdentifier>{5c2f14b2-f73d-4006-ae26-ac560e92fa05}</UniqueIdentifier>
    </Filter>
  </ItemGroup>
  <ItemGroup>
    <ClCompile Include="Main.cpp">
      <Filter>Source Files</Filter>
    </ClCompile>
    <ClCompile Include="Program.cpp">
      <Filter>Source Files</Filter>
    </ClCompile>
    <ClCompile Include="Creature.cpp">
      <Filter>Source Files\Map</Filter>
    </ClCompile>
    <ClCompile Include="Map.cpp">
      <Filter>Source Files\Map</Filter>
    </ClCompile>
    <ClCompile Include="Tile.cpp">
      <Filter>Source Files\Map</Filter>
    </ClCompile>
    <ClCompile Include="PathfinderNodeComparer.cpp">
      <Filter>Source Files\Pathfinding</Filter>
    </ClCompile>
    <ClCompile Include="Path.cpp">
      <Filter>Source Files\Pathfinding</Filter>
    </ClCompile>
    <ClCompile Include="Pathfinder.cpp">
      <Filter>Source Files\Pathfinding</Filter>
    </ClCompile>
    <ClCompile Include="PathfinderLink.cpp">
      <Filter>Source Files\Pathfinding</Filter>
    </ClCompile>
    <ClCompile Include="PathfinderNode.cpp">
      <Filter>Source Files\Pathfinding</Filter>
    </ClCompile>
    <ClCompile Include="CreatureInfo.cpp">
      <Filter>Source Files\Info</Filter>
    </ClCompile>
    <ClCompile Include="InfoManager.cpp">
      <Filter>Source Files\Info</Filter>
    </ClCompile>
    <ClCompile Include="WeaponInfo.cpp">
      <Filter>Source Files\Info</Filter>
    </ClCompile>
    <ClCompile Include="ItemInfo.cpp">
      <Filter>Source Files\Info</Filter>
    </ClCompile>
    <ClCompile Include="FactionInfo.cpp">
      <Filter>Source Files\Info</Filter>
    </ClCompile>
    <ClCompile Include="Session.cpp">
      <Filter>Source Files</Filter>
    </ClCompile>
    <ClCompile Include="ArmorInfo.cpp">
      <Filter>Source Files\Info</Filter>
    </ClCompile>
    <ClCompile Include="MenuItem.cpp">
      <Filter>Source Files</Filter>
    </ClCompile>
    <ClCompile Include="Item.cpp">
      <Filter>Source Files\Map</Filter>
    </ClCompile>
    <ClCompile Include="BehaviorInfo.cpp">
      <Filter>Source Files\Info</Filter>
    </ClCompile>
    <ClCompile Include="MainMenuState.cpp">
      <Filter>Source Files\States</Filter>
    </ClCompile>
    <ClCompile Include="InventoryState.cpp">
      <Filter>Source Files\States</Filter>
    </ClCompile>
    <ClCompile Include="LogState.cpp">
      <Filter>Source Files\States</Filter>
    </ClCompile>
    <ClCompile Include="ProgramState.cpp">
      <Filter>Source Files\States</Filter>
    </ClCompile>
    <ClCompile Include="LookMapState.cpp">
      <Filter>Source Files\States</Filter>
    </ClCompile>
    <ClCompile Include="MapState.cpp">
      <Filter>Source Files\States</Filter>
    </ClCompile>
    <ClCompile Include="ItemUseEffect.cpp">
      <Filter>Source Files\Info</Filter>
    </ClCompile>
    <ClCompile Include="VectorUtility.cpp">
      <Filter>Source Files</Filter>
    </ClCompile>
    <ClCompile Include="pugixml.cpp">
      <Filter>Source Files\pugixml</Filter>
    </ClCompile>
    <ClCompile Include="CursorMapState.cpp">
      <Filter>Source Files\States</Filter>
    </ClCompile>
    <ClCompile Include="CharacterCreationState.cpp">
      <Filter>Source Files\States</Filter>
    </ClCompile>
    <ClCompile Include="AttackMapState.cpp">
      <Filter>Source Files\States</Filter>
    </ClCompile>
    <ClCompile Include="RoomInfo.cpp">
      <Filter>Source Files\Info</Filter>
    </ClCompile>
    <ClCompile Include="Point.cpp">
      <Filter>Source Files</Filter>
    </ClCompile>
    <ClCompile Include="WeightedList.cpp">
      <Filter>Source Files</Filter>
    </ClCompile>
    <ClCompile Include="TileInfo.cpp">
      <Filter>Source Files\Info</Filter>
    </ClCompile>
    <ClCompile Include="MapGenerator.cpp">
      <Filter>Source Files</Filter>
    </ClCompile>
    <ClCompile Include="Math.cpp">
      <Filter>Source Files</Filter>
    </ClCompile>
    <ClCompile Include="IComparable.cpp">
      <Filter>Source Files</Filter>
    </ClCompile>
    <ClCompile Include="BinaryHeap.cpp">
      <Filter>Source Files\Pathfinding</Filter>
    </ClCompile>
    <ClCompile Include="ManualState.cpp">
      <Filter>Source Files\States</Filter>
    </ClCompile>
    <ClCompile Include="Graphics.cpp">
      <Filter>Source Files</Filter>
    </ClCompile>
    <ClCompile Include="Menu.cpp">
      <Filter>Source Files</Filter>
    </ClCompile>
    <ClCompile Include="ItemSetInfo.cpp">
      <Filter>Source Files\Info</Filter>
    </ClCompile>
    <ClCompile Include="LoadGameState.cpp">
      <Filter>Source Files</Filter>
    </ClCompile>
    <ClCompile Include="StringUtility.cpp">
      <Filter>Source Files</Filter>
    </ClCompile>
  </ItemGroup>
  <ItemGroup>
    <ClInclude Include="Program.h">
      <Filter>Header Files</Filter>
    </ClInclude>
    <ClInclude Include="resource.h">
      <Filter>Header Files</Filter>
    </ClInclude>
    <ClInclude Include="Creature.h">
      <Filter>Header Files\Map</Filter>
    </ClInclude>
    <ClInclude Include="Map.h">
      <Filter>Header Files\Map</Filter>
    </ClInclude>
    <ClInclude Include="Tile.h">
      <Filter>Header Files\Map</Filter>
    </ClInclude>
    <ClInclude Include="Path.h">
      <Filter>Header Files\Pathfinding</Filter>
    </ClInclude>
    <ClInclude Include="Pathfinder.h">
      <Filter>Header Files\Pathfinding</Filter>
    </ClInclude>
    <ClInclude Include="PathfinderLink.h">
      <Filter>Header Files\Pathfinding</Filter>
    </ClInclude>
    <ClInclude Include="PathfinderNode.h">
      <Filter>Header Files\Pathfinding</Filter>
    </ClInclude>
    <ClInclude Include="PathfinderNodeComparer.h">
      <Filter>Header Files\Pathfinding</Filter>
    </ClInclude>
    <ClInclude Include="InfoManager.h">
      <Filter>Header Files\Info</Filter>
    </ClInclude>
    <ClInclude Include="CreatureInfo.h">
      <Filter>Header Files\Info</Filter>
    </ClInclude>
    <ClInclude Include="WeaponInfo.h">
      <Filter>Header Files\Info</Filter>
    </ClInclude>
    <ClInclude Include="ItemInfo.h">
      <Filter>Header Files\Info</Filter>
    </ClInclude>
    <ClInclude Include="FactionInfo.h">
      <Filter>Header Files\Info</Filter>
    </ClInclude>
    <ClInclude Include="Session.h">
      <Filter>Header Files</Filter>
    </ClInclude>
    <ClInclude Include="ArmorInfo.h">
      <Filter>Header Files\Info</Filter>
    </ClInclude>
    <ClInclude Include="MenuItem.h">
      <Filter>Header Files</Filter>
    </ClInclude>
    <ClInclude Include="BehaviorInfo.h">
      <Filter>Header Files\Info</Filter>
    </ClInclude>
    <ClInclude Include="Item.h">
      <Filter>Header Files\Map</Filter>
    </ClInclude>
    <ClInclude Include="LogState.h">
      <Filter>Header Files\States</Filter>
    </ClInclude>
    <ClInclude Include="InventoryState.h">
      <Filter>Header Files\States</Filter>
    </ClInclude>
    <ClInclude Include="MainMenuState.h">
      <Filter>Header Files\States</Filter>
    </ClInclude>
    <ClInclude Include="ProgramState.h">
      <Filter>Header Files\States</Filter>
    </ClInclude>
    <ClInclude Include="MapState.h">
      <Filter>Header Files\States</Filter>
    </ClInclude>
    <ClInclude Include="LookMapState.h">
      <Filter>Header Files\States</Filter>
    </ClInclude>
    <ClInclude Include="ItemUseEffect.h">
      <Filter>Header Files</Filter>
    </ClInclude>
    <ClInclude Include="VectorUtility.h">
      <Filter>Header Files</Filter>
    </ClInclude>
    <ClInclude Include="pugiconfig.hpp">
      <Filter>Header Files\pugixml</Filter>
    </ClInclude>
    <ClInclude Include="pugixml.hpp">
      <Filter>Header Files\pugixml</Filter>
    </ClInclude>
    <ClInclude Include="CharacterCreationState.h">
      <Filter>Header Files\States</Filter>
    </ClInclude>
    <ClInclude Include="CursorMapState.h">
      <Filter>Header Files\States</Filter>
    </ClInclude>
    <ClInclude Include="AttackMapState.h">
      <Filter>Header Files\States</Filter>
    </ClInclude>
    <ClInclude Include="RoomInfo.h">
      <Filter>Header Files\Info</Filter>
    </ClInclude>
    <ClInclude Include="TileInfo.h">
      <Filter>Header Files\Info</Filter>
    </ClInclude>
    <ClInclude Include="Point.h">
      <Filter>Header Files</Filter>
    </ClInclude>
    <ClInclude Include="WeightedList.h">
      <Filter>Header Files</Filter>
    </ClInclude>
    <ClInclude Include="MapGenerator.h">
      <Filter>Header Files</Filter>
    </ClInclude>
    <ClInclude Include="Math.h">
      <Filter>Header Files</Filter>
    </ClInclude>
    <ClInclude Include="BinaryHeap.h">
      <Filter>Header Files\Pathfinding</Filter>
    </ClInclude>
    <ClInclude Include="IComparable.h">
      <Filter>Header Files</Filter>
    </ClInclude>
    <ClInclude Include="ManualState.h">
      <Filter>Header Files\States</Filter>
    </ClInclude>
    <ClInclude Include="Graphics.h">
      <Filter>Header Files</Filter>
    </ClInclude>
    <ClInclude Include="Menu.h">
      <Filter>Header Files</Filter>
    </ClInclude>
    <ClInclude Include="ItemSetInfo.h">
      <Filter>Header Files\Info</Filter>
    </ClInclude>
    <ClInclude Include="LoadGameState.h">
      <Filter>Header Files</Filter>
    </ClInclude>
    <ClInclude Include="tinydir.h">
      <Filter>Header Files</Filter>
    </ClInclude>
    <ClInclude Include="StringUtility.h">
      <Filter>Header Files</Filter>
    </ClInclude>
  </ItemGroup>
  <ItemGroup>
    <Xml Include="XML\Rooms.xml">
      <Filter>Resource Files\XML</Filter>
    </Xml>
    <Xml Include="XML\Tiles.xml">
      <Filter>Resource Files\XML</Filter>
    </Xml>
    <Xml Include="XML\Creatures.xml">
      <Filter>Resource Files\XML</Filter>
    </Xml>
    <Xml Include="XML\Items.xml">
      <Filter>Resource Files\XML</Filter>
    </Xml>
    <Xml Include="XML\Factions.xml">
      <Filter>Resource Files\XML</Filter>
    </Xml>
    <Xml Include="XML\ItemSets.xml">
      <Filter>Resource Files\XML</Filter>
    </Xml>
  </ItemGroup>
  <ItemGroup>
    <Xsd Include="XML\Items.xsd">
      <Filter>Resource Files\XML</Filter>
    </Xsd>
    <Xsd Include="XML\Tiles.xsd">
      <Filter>Resource Files\XML</Filter>
    </Xsd>
    <Xsd Include="XML\Rooms.xsd">
      <Filter>Resource Files\XML</Filter>
    </Xsd>
    <Xsd Include="XML\Factions.xsd">
      <Filter>Resource Files\XML</Filter>
    </Xsd>
    <Xsd Include="XML\Creatures.xsd">
      <Filter>Resource Files\XML</Filter>
    </Xsd>
    <Xsd Include="XML\ItemSets.xsd">
      <Filter>Resource Files\XML</Filter>
    </Xsd>
  </ItemGroup>
  <ItemGroup>
    <Text Include="TODO.txt" />
  </ItemGroup>
</Project>